
Microsoft Visual Studio Solution File, Format Version 12.00
# Visual Studio Version 17
VisualStudioVersion = 17.10.35122.118
MinimumVisualStudioVersion = 10.0.40219.1
Project("{FAE04EC0-301F-11D3-BF4B-00C04F79EFBC}") = "OOP2homework", "OOP2homework\OOP2homework.csproj", "{7588B26F-9963-4831-AC06-E5EF8F7FADE9}"
EndProject
Global
	GlobalSection(SolutionConfigurationPlatforms) = preSolution
		Debug|Any CPU = Debug|Any CPU
		Release|Any CPU = Release|Any CPU
	EndGlobalSection
	GlobalSection(ProjectConfigurationPlatforms) = postSolution
		{7588B26F-9963-4831-AC06-E5EF8F7FADE9}.Debug|Any CPU.ActiveCfg = Debug|Any CPU
		{7588B26F-9963-4831-AC06-E5EF8F7FADE9}.Debug|Any CPU.Build.0 = Debug|Any CPU
		{7588B26F-9963-4831-AC06-E5EF8F7FADE9}.Release|Any CPU.ActiveCfg = Release|Any CPU
		{7588B26F-9963-4831-AC06-E5EF8F7FADE9}.Release|Any CPU.Build.0 = Release|Any CPU
	EndGlobalSection
	GlobalSection(SolutionProperties) = preSolution
		HideSolutionNode = FALSE
	EndGlobalSection
	GlobalSection(ExtensibilityGlobals) = postSolution
		SolutionGuid = {49BD879C-0A0F-497D-8B03-61B2BC72FFB4}
	EndGlobalSection
EndGlobal
